
Microsoft Visual Studio Solution File, Format Version 12.00
# Visual Studio Version 17
VisualStudioVersion = 17.3.32929.385
MinimumVisualStudioVersion = 10.0.40219.1
Project("{9A19103F-16F7-4668-BE54-9A1E7A4F7556}") = "TurboFishShop", "TurboFishShop\TurboFishShop.csproj", "{45F90081-4C1C-4EBC-AB33-941CE9EBACDA}"
EndProject
Global
	GlobalSection(SolutionConfigurationPlatforms) = preSolution
		Debug|Any CPU = Debug|Any CPU
		Release|Any CPU = Release|Any CPU
	EndGlobalSection
	GlobalSection(ProjectConfigurationPlatforms) = postSolution
		{45F90081-4C1C-4EBC-AB33-941CE9EBACDA}.Debug|Any CPU.ActiveCfg = Debug|Any CPU
		{45F90081-4C1C-4EBC-AB33-941CE9EBACDA}.Debug|Any CPU.Build.0 = Debug|Any CPU
		{45F90081-4C1C-4EBC-AB33-941CE9EBACDA}.Release|Any CPU.ActiveCfg = Release|Any CPU
		{45F90081-4C1C-4EBC-AB33-941CE9EBACDA}.Release|Any CPU.Build.0 = Release|Any CPU
	EndGlobalSection
	GlobalSection(SolutionProperties) = preSolution
		HideSolutionNode = FALSE
	EndGlobalSection
	GlobalSection(ExtensibilityGlobals) = postSolution
		SolutionGuid = {19FD9530-427F-4CE8-B53A-1BB0DAB5F056}
	EndGlobalSection
EndGlobal
